
Microsoft Visual Studio Solution File, Format Version 12.00
# Visual Studio Version 17
VisualStudioVersion = 17.5.002.0
MinimumVisualStudioVersion = 10.0.40219.1
Project("{9A19103F-16F7-4668-BE54-9A1E7A4F7556}") = "DolphinTodoWebAPI", "DolphinTodoWebAPI.csproj", "{DBE2AD26-F7C5-438F-95A1-A14660D95BAB}"
EndProject
Global
	GlobalSection(SolutionConfigurationPlatforms) = preSolution
		Debug|Any CPU = Debug|Any CPU
		Release|Any CPU = Release|Any CPU
	EndGlobalSection
	GlobalSection(ProjectConfigurationPlatforms) = postSolution
		{DBE2AD26-F7C5-438F-95A1-A14660D95BAB}.Debug|Any CPU.ActiveCfg = Debug|Any CPU
		{DBE2AD26-F7C5-438F-95A1-A14660D95BAB}.Debug|Any CPU.Build.0 = Debug|Any CPU
		{DBE2AD26-F7C5-438F-95A1-A14660D95BAB}.Release|Any CPU.ActiveCfg = Release|Any CPU
		{DBE2AD26-F7C5-438F-95A1-A14660D95BAB}.Release|Any CPU.Build.0 = Release|Any CPU
	EndGlobalSection
	GlobalSection(SolutionProperties) = preSolution
		HideSolutionNode = FALSE
	EndGlobalSection
	GlobalSection(ExtensibilityGlobals) = postSolution
		SolutionGuid = {1ED2F9DC-09D4-4883-B62F-A55740C30810}
	EndGlobalSection
EndGlobal
